{
  "version": "5",
  "remote": {
    "https://edge.netlify.com/": "fd941d61d88673d5f28aab283fb86fcc50f08a3bc80ee5470498fcfa88c65cfb",
    "https://edge.netlify.com/bootstrap/config.ts": "6a2ce0e544e15e8f8883a5c18da5948e37fd0f2619f68cb31f3af53c51817025",
    "https://edge.netlify.com/bootstrap/context.ts": "e97240232121e2f369f6546ce961490f34d961ea1ea54be3ff09633e3f08373f",
    "https://edge.netlify.com/bootstrap/cookie.ts": "8b0baae708989ca183c6f3b4ab3d029e6abcbc2e43f93edeb0ff447b3bbc3a05",
    "https://edge.netlify.com/bootstrap/edge_function.ts": "b8253e86aa83c67341f5cfedeba5049d77fbf84dcab7eceff7566b7728ae9b39",
    "https://edge.netlify.com/bootstrap/globals/types.ts": "eaa6148ded3121d8dee62dd91c86e7fe76601df0f3ca8d7962243a30f4c8935f"
  },
  "workspace": {
    "packageJson": {
      "dependencies": [
        "npm:@eslint/js@^9.39.2",
        "npm:@netlify/functions@^5.1.3",
        "npm:@playwright/test@^1.58.2",
        "npm:@radix-ui/react-alert-dialog@^1.1.15",
        "npm:@radix-ui/react-checkbox@^1.3.3",
        "npm:@radix-ui/react-dialog@^1.1.15",
        "npm:@radix-ui/react-dropdown-menu@^2.1.16",
        "npm:@radix-ui/react-hover-card@^1.1.15",
        "npm:@radix-ui/react-label@^2.1.8",
        "npm:@radix-ui/react-portal@^1.1.10",
        "npm:@radix-ui/react-radio-group@^1.3.8",
        "npm:@radix-ui/react-select@^2.2.6",
        "npm:@radix-ui/react-separator@^1.1.8",
        "npm:@radix-ui/react-slot@^1.2.4",
        "npm:@radix-ui/react-switch@^1.2.6",
        "npm:@radix-ui/react-tabs@^1.1.13",
        "npm:@radix-ui/react-toggle-group@^1.1.11",
        "npm:@radix-ui/react-toggle@^1.1.10",
        "npm:@radix-ui/react-toolbar@^1.1.11",
        "npm:@radix-ui/react-tooltip@^1.2.8",
        "npm:@react-three/drei@^10.7.7",
        "npm:@react-three/fiber@^9.5.0",
        "npm:@salusoft89/planegcs@^1.1.7",
        "npm:@supabase/supabase-js@^2.97.0",
        "npm:@tailwindcss/forms@~0.5.11",
        "npm:@tailwindcss/vite@^4.2.0",
        "npm:@testing-library/jest-dom@^6.9.1",
        "npm:@testing-library/react@^16.3.2",
        "npm:@trivago/prettier-plugin-sort-imports@^6.0.2",
        "npm:@types/bun@^1.3.9",
        "npm:@types/d3-array@^3.2.2",
        "npm:@types/jest@30",
        "npm:@types/node@^25.3.0",
        "npm:@types/react-dom@^19.2.3",
        "npm:@types/react@^19.2.14",
        "npm:@types/three@0.182",
        "npm:@vitejs/plugin-react@^5.1.4",
        "npm:@vitest/coverage-v8@^4.0.18",
        "npm:@vitest/eslint-plugin@^1.6.9",
        "npm:class-variance-authority@~0.7.1",
        "npm:clipper2-wasm@~0.2.1",
        "npm:clsx@^2.1.1",
        "npm:d3-array@^3.2.4",
        "npm:dependency-cruiser@^17.3.8",
        "npm:dotenv@^17.3.1",
        "npm:eslint-config-prettier@^10.1.8",
        "npm:eslint-plugin-unused-imports@^4.4.1",
        "npm:eslint@^9.39.2",
        "npm:fake-indexeddb@^6.2.5",
        "npm:fast-check@^4.5.3",
        "npm:fast-deep-equal@^3.1.3",
        "npm:gl-matrix@^3.4.4",
        "npm:i18next-browser-languagedetector@^8.2.1",
        "npm:i18next-cli@^1.42.10",
        "npm:i18next@^25.8.11",
        "npm:idb@^8.0.3",
        "npm:immer@^11.1.4",
        "npm:jsdom@^27.4.0",
        "npm:lucide-react@0.575",
        "npm:manifold-3d@^3.3.2",
        "npm:neostandard@~0.12.2",
        "npm:next-themes@~0.4.6",
        "npm:prettier-plugin-tailwindcss@~0.7.2",
        "npm:prettier@^3.8.1",
        "npm:react-dom@^19.2.4",
        "npm:react-error-boundary@^6.1.1",
        "npm:react-i18next@^16.5.4",
        "npm:react-router-dom@^7.13.0",
        "npm:react@^19.2.4",
        "npm:sonner@^2.0.7",
        "npm:supabase@^2.76.11",
        "npm:tailwind-merge@^3.5.0",
        "npm:tailwindcss@^4.2.0",
        "npm:three@0.182",
        "npm:typescript-eslint@^8.56.0",
        "npm:typescript@~5.9.3",
        "npm:use-image@^1.1.4",
        "npm:vite-bundle-analyzer@^1.3.6",
        "npm:vite-plugin-pwa@^1.2.0",
        "npm:vite@^7.3.1",
        "npm:vitest-canvas-mock@^1.1.3",
        "npm:vitest@^4.0.18",
        "npm:web-ifc@^0.0.74",
        "npm:workbox-build@^7.4.0",
        "npm:workbox-window@^7.4.0",
        "npm:zundo@^2.3.0",
        "npm:zustand@^5.0.11"
      ]
    }
  }
}
